
Microsoft Visual Studio Solution File, Format Version 12.00
# Visual Studio 15
VisualStudioVersion = 15.0.28307.329
MinimumVisualStudioVersion = 10.0.40219.1
Project("{FAE04EC0-301F-11D3-BF4B-00C04F79EFBC}") = "RenameKaraokeWeb", "RenameKaraokeWeb\RenameKaraokeWeb.csproj", "{FC6F676C-2DDA-4C0C-9B4F-01BBC27CEB9B}"
EndProject
Global
	GlobalSection(SolutionConfigurationPlatforms) = preSolution
		Debug|Any CPU = Debug|Any CPU
		Release|Any CPU = Release|Any CPU
	EndGlobalSection
	GlobalSection(ProjectConfigurationPlatforms) = postSolution
		{FC6F676C-2DDA-4C0C-9B4F-01BBC27CEB9B}.Debug|Any CPU.ActiveCfg = Debug|Any CPU
		{FC6F676C-2DDA-4C0C-9B4F-01BBC27CEB9B}.Debug|Any CPU.Build.0 = Debug|Any CPU
		{FC6F676C-2DDA-4C0C-9B4F-01BBC27CEB9B}.Release|Any CPU.ActiveCfg = Release|Any CPU
		{FC6F676C-2DDA-4C0C-9B4F-01BBC27CEB9B}.Release|Any CPU.Build.0 = Release|Any CPU
	EndGlobalSection
	GlobalSection(SolutionProperties) = preSolution
		HideSolutionNode = FALSE
	EndGlobalSection
	GlobalSection(ExtensibilityGlobals) = postSolution
		SolutionGuid = {394BC2FC-8581-43C7-8F32-5D0185C1CF19}
	EndGlobalSection
EndGlobal
